# This file is automatically @generated by Cargo.
# It is not intended for manual editing.
version = 4

[[package]]
name = "autocfg"
version = "1.5.0"
source = "registry+https://github.com/rust-lang/crates.io-index"
checksum = "c08606f8c3cbf4ce6ec8e28fb0014a2c086708fe954eaa885384a6165172e7e8"

[[package]]
name = "bincode"
version = "1.3.3"
source = "registry+https://github.com/rust-lang/crates.io-index"
checksum = "b1f45e9417d87227c7a56d22e471c6206462cba514c7590c09aff4cf6d1ddcad"
dependencies = [
 "serde",
]

[[package]]
name = "bumpalo"
version = "3.19.0"
source = "registry+https://github.com/rust-lang/crates.io-index"
checksum = "46c5e41b57b8bba42a04676d81cb89e9ee8e859a1a66f80a5a72e1cb76b34d43"

[[package]]
name = "cfg-if"
version = "1.0.4"
source = "registry+https://github.com/rust-lang/crates.io-index"
checksum = "9330f8b2ff13f34540b44e946ef35111825727b38d33286ef986142615121801"

[[package]]
name = "console_error_panic_hook"
version = "0.1.7"
source = "registry+https://github.com/rust-lang/crates.io-index"
checksum = "a06aeb73f470f66dcdbf7223caeebb85984942f22f1adb2a088cf9668146bbbc"
dependencies = [
 "cfg-if",
 "wasm-bindgen",
]

[[package]]
name = "either"
version = "1.15.0"
source = "registry+https://github.com/rust-lang/crates.io-index"
checksum = "48c757948c5ede0e46177b7add2e67155f70e33c07fea8284df6576da70b3719"

[[package]]
name = "getrandom"
version = "0.2.16"
source = "registry+https://github.com/rust-lang/crates.io-index"
checksum = "335ff9f135e4384c8150d6f27c6daed433577f86b4750418338c01a1a2528592"
dependencies = [
 "cfg-if",
 "js-sys",
 "libc",
 "wasi",
 "wasm-bindgen",
]

[[package]]
name = "hex"
version = "0.4.3"
source = "registry+https://github.com/rust-lang/crates.io-index"
checksum = "7f24254aa9a54b5c858eaee2f5bccdb46aaf0e486a595ed5fd8f86ba55232a70"

[[package]]
name = "itertools"
version = "0.14.0"
source = "registry+https://github.com/rust-lang/crates.io-index"
checksum = "2b192c782037fadd9cfa75548310488aabdbf3d2da73885b31bd0abd03351285"
dependencies = [
 "either",
]

[[package]]
name = "itoa"
version = "1.0.15"
source = "registry+https://github.com/rust-lang/crates.io-index"
checksum = "4a5f13b858c8d314ee3e8f639011f7ccefe71f97f96e50151fb991f267928e2c"

[[package]]
name = "js-sys"
version = "0.3.83"
source = "registry+https://github.com/rust-lang/crates.io-index"
checksum = "464a3709c7f55f1f721e5389aa6ea4e3bc6aba669353300af094b29ffbdde1d8"
dependencies = [
 "once_cell",
 "wasm-bindgen",
]

[[package]]
name = "libc"
version = "0.2.178"
source = "registry+https://github.com/rust-lang/crates.io-index"
checksum = "37c93d8daa9d8a012fd8ab92f088405fb202ea0b6ab73ee2482ae66af4f42091"

[[package]]
name = "lock_api"
version = "0.4.14"
source = "registry+https://github.com/rust-lang/crates.io-index"
checksum = "224399e74b87b5f3557511d98dff8b14089b3dadafcab6bb93eab67d3aace965"
dependencies = [
 "scopeguard",
]

[[package]]
name = "memchr"
version = "2.7.6"
source = "registry+https://github.com/rust-lang/crates.io-index"
checksum = "f52b00d39961fc5b2736ea853c9cc86238e165017a493d1d5c8eac6bdc4cc273"

[[package]]
name = "noctis-circuits"
version = "0.1.0"
dependencies = [
 "bincode",
 "console_error_panic_hook",
 "getrandom",
 "hex",
 "js-sys",
 "p3-air",
 "p3-baby-bear",
 "p3-challenger",
 "p3-commit",
 "p3-dft",
 "p3-field",
 "p3-fri",
 "p3-goldilocks",
 "p3-keccak-air",
 "p3-matrix",
 "p3-merkle-tree",
 "p3-poseidon2",
 "p3-symmetric",
 "p3-uni-stark",
 "rand 0.8.5",
 "serde",
 "serde_json",
 "wasm-bindgen",
 "web-sys",
]

[[package]]
name = "num-bigint"
version = "0.4.6"
source = "registry+https://github.com/rust-lang/crates.io-index"
checksum = "a5e44f723f1133c9deac646763579fdb3ac745e418f2a7af9cd0c431da1f20b9"
dependencies = [
 "num-integer",
 "num-traits",
]

[[package]]
name = "num-integer"
version = "0.1.46"
source = "registry+https://github.com/rust-lang/crates.io-index"
checksum = "7969661fd2958a5cb096e56c8e1ad0444ac2bbcd0061bd28660485a44879858f"
dependencies = [
 "num-traits",
]

[[package]]
name = "num-traits"
version = "0.2.19"
source = "registry+https://github.com/rust-lang/crates.io-index"
checksum = "071dfc062690e90b734c0b2273ce72ad0ffa95f0c74596bc250dcfd960262841"
dependencies = [
 "autocfg",
]

[[package]]
name = "once_cell"
version = "1.21.3"
source = "registry+https://github.com/rust-lang/crates.io-index"
checksum = "42f5e15c9953c5e4ccceeb2e7382a716482c34515315f7b03532b8b4e8393d2d"

[[package]]
name = "p3-air"
version = "0.3.0"
source = "git+https://github.com/Plonky3/Plonky3.git#89701067ef63ad4789e35221c41588d70052cab2"
dependencies = [
 "p3-field",
 "p3-matrix",
]

[[package]]
name = "p3-baby-bear"
version = "0.3.0"
source = "git+https://github.com/Plonky3/Plonky3.git#89701067ef63ad4789e35221c41588d70052cab2"
dependencies = [
 "p3-field",
 "p3-mds",
 "p3-monty-31",
 "p3-poseidon2",
 "p3-symmetric",
 "rand 0.9.2",
]

[[package]]
name = "p3-challenger"
version = "0.3.0"
source = "git+https://github.com/Plonky3/Plonky3.git#89701067ef63ad4789e35221c41588d70052cab2"
dependencies = [
 "p3-field",
 "p3-maybe-rayon",
 "p3-symmetric",
 "p3-util",
 "tracing",
]

[[package]]
name = "p3-commit"
version = "0.3.0"
source = "git+https://github.com/Plonky3/Plonky3.git#89701067ef63ad4789e35221c41588d70052cab2"
dependencies = [
 "itertools",
 "p3-challenger",
 "p3-dft",
 "p3-field",
 "p3-matrix",
 "p3-util",
 "serde",
]

[[package]]
name = "p3-dft"
version = "0.3.0"
source = "git+https://github.com/Plonky3/Plonky3.git#89701067ef63ad4789e35221c41588d70052cab2"
dependencies = [
 "itertools",
 "p3-field",
 "p3-matrix",
 "p3-maybe-rayon",
 "p3-util",
 "spin",
 "tracing",
]

[[package]]
name = "p3-field"
version = "0.3.0"
source = "git+https://github.com/Plonky3/Plonky3.git#89701067ef63ad4789e35221c41588d70052cab2"
dependencies = [
 "itertools",
 "num-bigint",
 "p3-maybe-rayon",
 "p3-util",
 "paste",
 "rand 0.9.2",
 "serde",
 "tracing",
]

[[package]]
name = "p3-fri"
version = "0.3.0"
source = "git+https://github.com/Plonky3/Plonky3.git#89701067ef63ad4789e35221c41588d70052cab2"
dependencies = [
 "itertools",
 "p3-challenger",
 "p3-commit",
 "p3-dft",
 "p3-field",
 "p3-interpolation",
 "p3-matrix",
 "p3-maybe-rayon",
 "p3-util",
 "rand 0.9.2",
 "serde",
 "thiserror",
 "tracing",
]

[[package]]
name = "p3-goldilocks"
version = "0.3.0"
source = "git+https://github.com/Plonky3/Plonky3.git#89701067ef63ad4789e35221c41588d70052cab2"
dependencies = [
 "num-bigint",
 "p3-dft",
 "p3-field",
 "p3-mds",
 "p3-poseidon2",
 "p3-symmetric",
 "p3-util",
 "paste",
 "rand 0.9.2",
 "serde",
]

[[package]]
name = "p3-interpolation"
version = "0.3.0"
source = "git+https://github.com/Plonky3/Plonky3.git#89701067ef63ad4789e35221c41588d70052cab2"
dependencies = [
 "p3-field",
 "p3-matrix",
 "p3-maybe-rayon",
 "p3-util",
]

[[package]]
name = "p3-keccak-air"
version = "0.3.0"
source = "git+https://github.com/Plonky3/Plonky3.git#89701067ef63ad4789e35221c41588d70052cab2"
dependencies = [
 "p3-air",
 "p3-field",
 "p3-matrix",
 "p3-maybe-rayon",
 "p3-util",
 "rand 0.9.2",
 "tracing",
]

[[package]]
name = "p3-matrix"
version = "0.3.0"
source = "git+https://github.com/Plonky3/Plonky3.git#89701067ef63ad4789e35221c41588d70052cab2"
dependencies = [
 "itertools",
 "p3-field",
 "p3-maybe-rayon",
 "p3-util",
 "rand 0.9.2",
 "serde",
 "tracing",
 "transpose",
]

[[package]]
name = "p3-maybe-rayon"
version = "0.3.0"
source = "git+https://github.com/Plonky3/Plonky3.git#89701067ef63ad4789e35221c41588d70052cab2"

[[package]]
name = "p3-mds"
version = "0.3.0"
source = "git+https://github.com/Plonky3/Plonky3.git#89701067ef63ad4789e35221c41588d70052cab2"
dependencies = [
 "p3-dft",
 "p3-field",
 "p3-symmetric",
 "p3-util",
 "rand 0.9.2",
]

[[package]]
name = "p3-merkle-tree"
version = "0.3.0"
source = "git+https://github.com/Plonky3/Plonky3.git#89701067ef63ad4789e35221c41588d70052cab2"
dependencies = [
 "itertools",
 "p3-commit",
 "p3-field",
 "p3-matrix",
 "p3-maybe-rayon",
 "p3-symmetric",
 "p3-util",
 "rand 0.9.2",
 "serde",
 "thiserror",
 "tracing",
]

[[package]]
name = "p3-monty-31"
version = "0.3.0"
source = "git+https://github.com/Plonky3/Plonky3.git#89701067ef63ad4789e35221c41588d70052cab2"
dependencies = [
 "itertools",
 "num-bigint",
 "p3-dft",
 "p3-field",
 "p3-matrix",
 "p3-maybe-rayon",
 "p3-mds",
 "p3-poseidon2",
 "p3-symmetric",
 "p3-util",
 "paste",
 "rand 0.9.2",
 "serde",
 "spin",
 "tracing",
 "transpose",
]

[[package]]
name = "p3-poseidon2"
version = "0.3.0"
source = "git+https://github.com/Plonky3/Plonky3.git#89701067ef63ad4789e35221c41588d70052cab2"
dependencies = [
 "p3-field",
 "p3-mds",
 "p3-symmetric",
 "p3-util",
 "rand 0.9.2",
]

[[package]]
name = "p3-symmetric"
version = "0.3.0"
source = "git+https://github.com/Plonky3/Plonky3.git#89701067ef63ad4789e35221c41588d70052cab2"
dependencies = [
 "itertools",
 "p3-field",
 "serde",
]

[[package]]
name = "p3-uni-stark"
version = "0.3.0"
source = "git+https://github.com/Plonky3/Plonky3.git#89701067ef63ad4789e35221c41588d70052cab2"
dependencies = [
 "itertools",
 "p3-air",
 "p3-challenger",
 "p3-commit",
 "p3-dft",
 "p3-field",
 "p3-matrix",
 "p3-maybe-rayon",
 "p3-util",
 "serde",
 "thiserror",
 "tracing",
]

[[package]]
name = "p3-util"
version = "0.3.0"
source = "git+https://github.com/Plonky3/Plonky3.git#89701067ef63ad4789e35221c41588d70052cab2"
dependencies = [
 "serde",
]

[[package]]
name = "paste"
version = "1.0.15"
source = "registry+https://github.com/rust-lang/crates.io-index"
checksum = "57c0d7b74b563b49d38dae00a0c37d4d6de9b432382b2892f0574ddcae73fd0a"

[[package]]
name = "pin-project-lite"
version = "0.2.16"
source = "registry+https://github.com/rust-lang/crates.io-index"
checksum = "3b3cff922bd51709b605d9ead9aa71031d81447142d828eb4a6eba76fe619f9b"

[[package]]
name = "ppv-lite86"
version = "0.2.21"
source = "registry+https://github.com/rust-lang/crates.io-index"
checksum = "85eae3c4ed2f50dcfe72643da4befc30deadb458a9b590d720cde2f2b1e97da9"
dependencies = [
 "zerocopy",
]

[[package]]
name = "proc-macro2"
version = "1.0.103"
source = "registry+https://github.com/rust-lang/crates.io-index"
checksum = "5ee95bc4ef87b8d5ba32e8b7714ccc834865276eab0aed5c9958d00ec45f49e8"
dependencies = [
 "unicode-ident",
]

[[package]]
name = "quote"
version = "1.0.42"
source = "registry+https://github.com/rust-lang/crates.io-index"
checksum = "a338cc41d27e6cc6dce6cefc13a0729dfbb81c262b1f519331575dd80ef3067f"
dependencies = [
 "proc-macro2",
]

[[package]]
name = "rand"
version = "0.8.5"
source = "registry+https://github.com/rust-lang/crates.io-index"
checksum = "34af8d1a0e25924bc5b7c43c079c942339d8f0a8b57c39049bef581b46327404"
dependencies = [
 "libc",
 "rand_chacha",
 "rand_core 0.6.4",
]

[[package]]
name = "rand"
version = "0.9.2"
source = "registry+https://github.com/rust-lang/crates.io-index"
checksum = "6db2770f06117d490610c7488547d543617b21bfa07796d7a12f6f1bd53850d1"
dependencies = [
 "rand_core 0.9.3",
]

[[package]]
name = "rand_chacha"
version = "0.3.1"
source = "registry+https://github.com/rust-lang/crates.io-index"
checksum = "e6c10a63a0fa32252be49d21e7709d4d4baf8d231c2dbce1eaa8141b9b127d88"
dependencies = [
 "ppv-lite86",
 "rand_core 0.6.4",
]

[[package]]
name = "rand_core"
version = "0.6.4"
source = "registry+https://github.com/rust-lang/crates.io-index"
checksum = "ec0be4795e2f6a28069bec0b5ff3e2ac9bafc99e6a9a7dc3547996c5c816922c"
dependencies = [
 "getrandom",
]

[[package]]
name = "rand_core"
version = "0.9.3"
source = "registry+https://github.com/rust-lang/crates.io-index"
checksum = "99d9a13982dcf210057a8a78572b2217b667c3beacbf3a0d8b454f6f82837d38"

[[package]]
name = "rustversion"
version = "1.0.22"
source = "registry+https://github.com/rust-lang/crates.io-index"
checksum = "b39cdef0fa800fc44525c84ccb54a029961a8215f9619753635a9c0d2538d46d"

[[package]]
name = "ryu"
version = "1.0.20"
source = "registry+https://github.com/rust-lang/crates.io-index"
checksum = "28d3b2b1366ec20994f1fd18c3c594f05c5dd4bc44d8bb0c1c632c8d6829481f"

[[package]]
name = "scopeguard"
version = "1.2.0"
source = "registry+https://github.com/rust-lang/crates.io-index"
checksum = "94143f37725109f92c262ed2cf5e59bce7498c01bcc1502d7b9afe439a4e9f49"

[[package]]
name = "serde"
version = "1.0.228"
source = "registry+https://github.com/rust-lang/crates.io-index"
checksum = "9a8e94ea7f378bd32cbbd37198a4a91436180c5bb472411e48b5ec2e2124ae9e"
dependencies = [
 "serde_core",
 "serde_derive",
]

[[package]]
name = "serde_core"
version = "1.0.228"
source = "registry+https://github.com/rust-lang/crates.io-index"
checksum = "41d385c7d4ca58e59fc732af25c3983b67ac852c1a25000afe1175de458b67ad"
dependencies = [
 "serde_derive",
]

[[package]]
name = "serde_derive"
version = "1.0.228"
source = "registry+https://github.com/rust-lang/crates.io-index"
checksum = "d540f220d3187173da220f885ab66608367b6574e925011a9353e4badda91d79"
dependencies = [
 "proc-macro2",
 "quote",
 "syn",
]

[[package]]
name = "serde_json"
version = "1.0.145"
source = "registry+https://github.com/rust-lang/crates.io-index"
checksum = "402a6f66d8c709116cf22f558eab210f5a50187f702eb4d7e5ef38d9a7f1c79c"
dependencies = [
 "itoa",
 "memchr",
 "ryu",
 "serde",
 "serde_core",
]

[[package]]
name = "spin"
version = "0.10.0"
source = "registry+https://github.com/rust-lang/crates.io-index"
checksum = "d5fe4ccb98d9c292d56fec89a5e07da7fc4cf0dc11e156b41793132775d3e591"
dependencies = [
 "lock_api",
]

[[package]]
name = "strength_reduce"
version = "0.2.4"
source = "registry+https://github.com/rust-lang/crates.io-index"
checksum = "fe895eb47f22e2ddd4dabc02bce419d2e643c8e3b585c78158b349195bc24d82"

[[package]]
name = "syn"
version = "2.0.111"
source = "registry+https://github.com/rust-lang/crates.io-index"
checksum = "390cc9a294ab71bdb1aa2e99d13be9c753cd2d7bd6560c77118597410c4d2e87"
dependencies = [
 "proc-macro2",
 "quote",
 "unicode-ident",
]

[[package]]
name = "thiserror"
version = "2.0.17"
source = "registry+https://github.com/rust-lang/crates.io-index"
checksum = "f63587ca0f12b72a0600bcba1d40081f830876000bb46dd2337a3051618f4fc8"
dependencies = [
 "thiserror-impl",
]

[[package]]
name = "thiserror-impl"
version = "2.0.17"
source = "registry+https://github.com/rust-lang/crates.io-index"
checksum = "3ff15c8ecd7de3849db632e14d18d2571fa09dfc5ed93479bc4485c7a517c913"
dependencies = [
 "proc-macro2",
 "quote",
 "syn",
]

[[package]]
name = "tracing"
version = "0.1.43"
source = "registry+https://github.com/rust-lang/crates.io-index"
checksum = "2d15d90a0b5c19378952d479dc858407149d7bb45a14de0142f6c534b16fc647"
dependencies = [
 "pin-project-lite",
 "tracing-attributes",
 "tracing-core",
]

[[package]]
name = "tracing-attributes"
version = "0.1.31"
source = "registry+https://github.com/rust-lang/crates.io-index"
checksum = "7490cfa5ec963746568740651ac6781f701c9c5ea257c58e057f3ba8cf69e8da"
dependencies = [
 "proc-macro2",
 "quote",
 "syn",
]

[[package]]
name = "tracing-core"
version = "0.1.35"
source = "registry+https://github.com/rust-lang/crates.io-index"
checksum = "7a04e24fab5c89c6a36eb8558c9656f30d81de51dfa4d3b45f26b21d61fa0a6c"

[[package]]
name = "transpose"
version = "0.2.3"
source = "registry+https://github.com/rust-lang/crates.io-index"
checksum = "1ad61aed86bc3faea4300c7aee358b4c6d0c8d6ccc36524c96e4c92ccf26e77e"
dependencies = [
 "num-integer",
 "strength_reduce",
]

[[package]]
name = "unicode-ident"
version = "1.0.22"
source = "registry+https://github.com/rust-lang/crates.io-index"
checksum = "9312f7c4f6ff9069b165498234ce8be658059c6728633667c526e27dc2cf1df5"

[[package]]
name = "wasi"
version = "0.11.1+wasi-snapshot-preview1"
source = "registry+https://github.com/rust-lang/crates.io-index"
checksum = "ccf3ec651a847eb01de73ccad15eb7d99f80485de043efb2f370cd654f4ea44b"

[[package]]
name = "wasm-bindgen"
version = "0.2.106"
source = "registry+https://github.com/rust-lang/crates.io-index"
checksum = "0d759f433fa64a2d763d1340820e46e111a7a5ab75f993d1852d70b03dbb80fd"
dependencies = [
 "cfg-if",
 "once_cell",
 "rustversion",
 "wasm-bindgen-macro",
 "wasm-bindgen-shared",
]

[[package]]
name = "wasm-bindgen-macro"
version = "0.2.106"
source = "registry+https://github.com/rust-lang/crates.io-index"
checksum = "48cb0d2638f8baedbc542ed444afc0644a29166f1595371af4fecf8ce1e7eeb3"
dependencies = [
 "quote",
 "wasm-bindgen-macro-support",
]

[[package]]
name = "wasm-bindgen-macro-support"
version = "0.2.106"
source = "registry+https://github.com/rust-lang/crates.io-index"
checksum = "cefb59d5cd5f92d9dcf80e4683949f15ca4b511f4ac0a6e14d4e1ac60c6ecd40"
dependencies = [
 "bumpalo",
 "proc-macro2",
 "quote",
 "syn",
 "wasm-bindgen-shared",
]

[[package]]
name = "wasm-bindgen-shared"
version = "0.2.106"
source = "registry+https://github.com/rust-lang/crates.io-index"
checksum = "cbc538057e648b67f72a982e708d485b2efa771e1ac05fec311f9f63e5800db4"
dependencies = [
 "unicode-ident",
]

[[package]]
name = "web-sys"
version = "0.3.83"
source = "registry+https://github.com/rust-lang/crates.io-index"
checksum = "9b32828d774c412041098d182a8b38b16ea816958e07cf40eec2bc080ae137ac"
dependencies = [
 "js-sys",
 "wasm-bindgen",
]

[[package]]
name = "zerocopy"
version = "0.8.31"
source = "registry+https://github.com/rust-lang/crates.io-index"
checksum = "fd74ec98b9250adb3ca554bdde269adf631549f51d8a8f8f0a10b50f1cb298c3"
dependencies = [
 "zerocopy-derive",
]

[[package]]
name = "zerocopy-derive"
version = "0.8.31"
source = "registry+https://github.com/rust-lang/crates.io-index"
checksum = "d8a8d209fdf45cf5138cbb5a506f6b52522a25afccc534d1475dad8e31105c6a"
dependencies = [
 "proc-macro2",
 "quote",
 "syn",
]
